
Microsoft Visual Studio Solution File, Format Version 12.00
# Visual Studio Version 17
VisualStudioVersion = 17.9.34714.143
MinimumVisualStudioVersion = 10.0.40219.1
Project("{FAE04EC0-301F-11D3-BF4B-00C04F79EFBC}") = "HW3", "HW3\HW3.csproj", "{AADF8457-DAE0-41EE-B0FF-B0259B2A4158}"
EndProject
Global
	GlobalSection(SolutionConfigurationPlatforms) = preSolution
		Debug|Any CPU = Debug|Any CPU
		Release|Any CPU = Release|Any CPU
	EndGlobalSection
	GlobalSection(ProjectConfigurationPlatforms) = postSolution
		{AADF8457-DAE0-41EE-B0FF-B0259B2A4158}.Debug|Any CPU.ActiveCfg = Debug|Any CPU
		{AADF8457-DAE0-41EE-B0FF-B0259B2A4158}.Debug|Any CPU.Build.0 = Debug|Any CPU
		{AADF8457-DAE0-41EE-B0FF-B0259B2A4158}.Release|Any CPU.ActiveCfg = Release|Any CPU
		{AADF8457-DAE0-41EE-B0FF-B0259B2A4158}.Release|Any CPU.Build.0 = Release|Any CPU
	EndGlobalSection
	GlobalSection(SolutionProperties) = preSolution
		HideSolutionNode = FALSE
	EndGlobalSection
	GlobalSection(ExtensibilityGlobals) = postSolution
		SolutionGuid = {495EF3BD-6745-43FD-8A21-45FD35EDA4EB}
	EndGlobalSection
EndGlobal
